github.com/gorilla/mux v1.8.0 h1:i40aqfkR1h2SlN9hojwV5ZA91wcXFOvkdNIeFDP5koI=
github.com/gorilla/mux v1.8.0/go.mod h1:DVbg23sWSpFRCP0SfiEN6jmj59UnW/n46BH5rLB71So=
github.com/rorex33/dirsizecalc v1.0.3 h1:JpLTyG0AYSKAfweZcdCuYGpkKXvbwFI1hp1oubIz9MM=
github.com/rorex33/dirsizecalc v1.0.3/go.mod h1:j8ws2xkfH0H7StAh/miUODupOKYBcEiRl6eQWHQHhMU=
